// !$*UTF8*$!
{
	archiveVersion = 1;
	classes = {
	};
	objectVersion = 56;
	objects = {

/* Begin PBXBuildFile section */
		54929BD12A79D362007DC034 /* nathivitas001App.swift in Sources */ = {isa = PBXBuildFile; fileRef = 54929BD02A79D362007DC034 /* nathivitas001App.swift */; };
		54929BD32A79D362007DC034 /* nathivitas001Document.swift in Sources */ = {isa = PBXBuildFile; fileRef = 54929BD22A79D362007DC034 /* nathivitas001Document.swift */; };
		54929BD52A79D362007DC034 /* ContentView.swift in Sources */ = {isa = PBXBuildFile; fileRef = 54929BD42A79D362007DC034 /* ContentView.swift */; };
		54929BD72A79D363007DC034 /* Assets.xcassets in Resources */ = {isa = PBXBuildFile; fileRef = 54929BD62A79D363007DC034 /* Assets.xcassets */; };
		54929BDA2A79D363007DC034 /* Preview Assets.xcassets in Resources */ = {isa = PBXBuildFile; fileRef = 54929BD92A79D363007DC034 /* Preview Assets.xcassets */; };
		54929BE52A79D363007DC034 /* nathivitas001Tests.swift in Sources */ = {isa = PBXBuildFile; fileRef = 54929BE42A79D363007DC034 /* nathivitas001Tests.swift */; };
		54929BEF2A79D363007DC034 /* nathivitas001UITests.swift in Sources */ = {isa = PBXBuildFile; fileRef = 54929BEE2A79D363007DC034 /* nathivitas001UITests.swift */; };
		54929BF12A79D363007DC034 /* nathivitas001UITestsLaunchTests.swift in Sources */ = {isa = PBXBuildFile; fileRef = 54929BF02A79D363007DC034 /* nathivitas001UITestsLaunchTests.swift */; };
/* End PBXBuildFile section */

/* Begin PBXContainerItemProxy section */
		54929BE12A79D363007DC034 /* PBXContainerItemProxy */ = {
			isa = PBXContainerItemProxy;
			containerPortal = 54929BC52A79D362007DC034 /* Project object */;
			proxyType = 1;
			remoteGlobalIDString = 54929BCC2A79D362007DC034;
			remoteInfo = nathivitas001;
		};
		54929BEB2A79D363007DC034 /* PBXContainerItemProxy */ = {
			isa = PBXContainerItemProxy;
			containerPortal = 54929BC52A79D362007DC034 /* Project object */;
			proxyType = 1;
			remoteGlobalIDString = 54929BCC2A79D362007DC034;
			remoteInfo = nathivitas001;
		};
/* End PBXContainerItemProxy section */

/* Begin PBXFileReference section */
		54929BCD2A79D362007DC034 /* nathivitas001.app */ = {isa = PBXFileReference; explicitFileType = wrapper.application; includeInIndex = 0; path = nathivitas001.app; sourceTree = BUILT_PRODUCTS_DIR; };
		54929BD02A79D362007DC034 /* nathivitas001App.swift */ = {isa = PBXFileReference; lastKnownFileType = sourcecode.swift; path = nathivitas001App.swift; sourceTree = "<group>"; };
		54929BD22A79D362007DC034 /* nathivitas001Document.swift */ = {isa = PBXFileReference; lastKnownFileType = sourcecode.swift; path = nathivitas001Document.swift; sourceTree = "<group>"; };
		54929BD42A79D362007DC034 /* ContentView.swift */ = {isa = PBXFileReference; lastKnownFileType = sourcecode.swift; path = ContentView.swift; sourceTree = "<group>"; };
		54929BD62A79D363007DC034 /* Assets.xcassets */ = {isa = PBXFileReference; lastKnownFileType = folder.assetcatalog; path = Assets.xcassets; sourceTree = "<group>"; };
		54929BD92A79D363007DC034 /* Preview Assets.xcassets */ = {isa = PBXFileReference; lastKnownFileType = folder.assetcatalog; path = "Preview Assets.xcassets"; sourceTree = "<group>"; };
		54929BDB2A79D363007DC034 /* Info.plist */ = {isa = PBXFileReference; lastKnownFileType = text.plist.xml; path = Info.plist; sourceTree = "<group>"; };
		54929BE02A79D363007DC034 /* nathivitas001Tests.xctest */ = {isa = PBXFileReference; explicitFileType = wrapper.cfbundle; includeInIndex = 0; path = nathivitas001Tests.xctest; sourceTree = BUILT_PRODUCTS_DIR; };
		54929BE42A79D363007DC034 /* nathivitas001Tests.swift */ = {isa = PBXFileReference; lastKnownFileType = sourcecode.swift; path = nathivitas001Tests.swift; sourceTree = "<group>"; };
		54929BEA2A79D363007DC034 /* nathivitas001UITests.xctest */ = {isa = PBXFileReference; explicitFileType = wrapper.cfbundle; includeInIndex = 0; path = nathivitas001UITests.xctest; sourceTree = BUILT_PRODUCTS_DIR; };
		54929BEE2A79D363007DC034 /* nathivitas001UITests.swift */ = {isa = PBXFileReference; lastKnownFileType = sourcecode.swift; path = nathivitas001UITests.swift; sourceTree = "<group>"; };
		54929BF02A79D363007DC034 /* nathivitas001UITestsLaunchTests.swift */ = {isa = PBXFileReference; lastKnownFileType = sourcecode.swift; path = nathivitas001UITestsLaunchTests.swift; sourceTree = "<group>"; };
/* End PBXFileReference section */

/* Begin PBXFrameworksBuildPhase section */
		54929BCA2A79D362007DC034 /* Frameworks */ = {
			isa = PBXFrameworksBuildPhase;
			buildActionMask = 2147483647;
			files = (
			);
			runOnlyForDeploymentPostprocessing = 0;
		};
		54929BDD2A79D363007DC034 /* Frameworks */ = {
			isa = PBXFrameworksBuildPhase;
			buildActionMask = 2147483647;
			files = (
			);
			runOnlyForDeploymentPostprocessing = 0;
		};
		54929BE72A79D363007DC034 /* Frameworks */ = {
			isa = PBXFrameworksBuildPhase;
			buildActionMask = 2147483647;
			files = (
			);
			runOnlyForDeploymentPostprocessing = 0;
		};
/* End PBXFrameworksBuildPhase section */

/* Begin PBXGroup section */
		54929BC42A79D362007DC034 = {
			isa = PBXGroup;
			children = (
				54929BCF2A79D362007DC034 /* nathivitas001 */,
				54929BE32A79D363007DC034 /* nathivitas001Tests */,
				54929BED2A79D363007DC034 /* nathivitas001UITests */,
				54929BCE2A79D362007DC034 /* Products */,
			);
			sourceTree = "<group>";
		};
		54929BCE2A79D362007DC034 /* Products */ = {
			isa = PBXGroup;
			children = (
				54929BCD2A79D362007DC034 /* nathivitas001.app */,
				54929BE02A79D363007DC034 /* nathivitas001Tests.xctest */,
				54929BEA2A79D363007DC034 /* nathivitas001UITests.xctest */,
			);
			name = Products;
			sourceTree = "<group>";
		};
		54929BCF2A79D362007DC034 /* nathivitas001 */ = {
			isa = PBXGroup;
			children = (
				54929BD02A79D362007DC034 /* nathivitas001App.swift */,
				54929BD22A79D362007DC034 /* nathivitas001Document.swift */,
				54929BD42A79D362007DC034 /* ContentView.swift */,
				54929BD62A79D363007DC034 /* Assets.xcassets */,
				54929BDB2A79D363007DC034 /* Info.plist */,
				54929BD82A79D363007DC034 /* Preview Content */,
			);
			path = nathivitas001;
			sourceTree = "<group>";
		};
		54929BD82A79D363007DC034 /* Preview Content */ = {
			isa = PBXGroup;
			children = (
				54929BD92A79D363007DC034 /* Preview Assets.xcassets */,
			);
			path = "Preview Content";
			sourceTree = "<group>";
		};
		54929BE32A79D363007DC034 /* nathivitas001Tests */ = {
			isa = PBXGroup;
			children = (
				54929BE42A79D363007DC034 /* nathivitas001Tests.swift */,
			);
			path = nathivitas001Tests;
			sourceTree = "<group>";
		};
		54929BED2A79D363007DC034 /* nathivitas001UITests */ = {
			isa = PBXGroup;
			children = (
				54929BEE2A79D363007DC034 /* nathivitas001UITests.swift */,
				54929BF02A79D363007DC034 /* nathivitas001UITestsLaunchTests.swift */,
			);
			path = nathivitas001UITests;
			sourceTree = "<group>";
		};
/* End PBXGroup section */

/* Begin PBXNativeTarget section */
		54929BCC2A79D362007DC034 /* nathivitas001 */ = {
			isa = PBXNativeTarget;
			buildConfigurationList = 54929BF42A79D363007DC034 /* Build configuration list for PBXNativeTarget "nathivitas001" */;
			buildPhases = (
				54929BC92A79D362007DC034 /* Sources */,
				54929BCA2A79D362007DC034 /* Frameworks */,
				54929BCB2A79D362007DC034 /* Resources */,
			);
			buildRules = (
			);
			dependencies = (
			);
			name = nathivitas001;
			productName = nathivitas001;
			productReference = 54929BCD2A79D362007DC034 /* nathivitas001.app */;
			productType = "com.apple.product-type.application";
		};
		54929BDF2A79D363007DC034 /* nathivitas001Tests */ = {
			isa = PBXNativeTarget;
			buildConfigurationList = 54929BF72A79D363007DC034 /* Build configuration list for PBXNativeTarget "nathivitas001Tests" */;
			buildPhases = (
				54929BDC2A79D363007DC034 /* Sources */,
				54929BDD2A79D363007DC034 /* Frameworks */,
				54929BDE2A79D363007DC034 /* Resources */,
			);
			buildRules = (
			);
			dependencies = (
				54929BE22A79D363007DC034 /* PBXTargetDependency */,
			);
			name = nathivitas001Tests;
			productName = nathivitas001Tests;
			productReference = 54929BE02A79D363007DC034 /* nathivitas001Tests.xctest */;
			productType = "com.apple.product-type.bundle.unit-test";
		};
		54929BE92A79D363007DC034 /* nathivitas001UITests */ = {
			isa = PBXNativeTarget;
			buildConfigurationList = 54929BFA2A79D363007DC034 /* Build configuration list for PBXNativeTarget "nathivitas001UITests" */;
			buildPhases = (
				54929BE62A79D363007DC034 /* Sources */,
				54929BE72A79D363007DC034 /* Frameworks */,
				54929BE82A79D363007DC034 /* Resources */,
			);
			buildRules = (
			);
			dependencies = (
				54929BEC2A79D363007DC034 /* PBXTargetDependency */,
			);
			name = nathivitas001UITests;
			productName = nathivitas001UITests;
			productReference = 54929BEA2A79D363007DC034 /* nathivitas001UITests.xctest */;
			productType = "com.apple.product-type.bundle.ui-testing";
		};
/* End PBXNativeTarget section */

/* Begin PBXProject section */
		54929BC52A79D362007DC034 /* Project object */ = {
			isa = PBXProject;
			attributes = {
				BuildIndependentTargetsInParallel = 1;
				LastSwiftUpdateCheck = 1430;
				LastUpgradeCheck = 1430;
				TargetAttributes = {
					54929BCC2A79D362007DC034 = {
						CreatedOnToolsVersion = 14.3.1;
					};
					54929BDF2A79D363007DC034 = {
						CreatedOnToolsVersion = 14.3.1;
						TestTargetID = 54929BCC2A79D362007DC034;
					};
					54929BE92A79D363007DC034 = {
						CreatedOnToolsVersion = 14.3.1;
						TestTargetID = 54929BCC2A79D362007DC034;
					};
				};
			};
			buildConfigurationList = 54929BC82A79D362007DC034 /* Build configuration list for PBXProject "nathivitas001" */;
			compatibilityVersion = "Xcode 14.0";
			developmentRegion = en;
			hasScannedForEncodings = 0;
			knownRegions = (
				en,
				Base,
			);
			mainGroup = 54929BC42A79D362007DC034;
			productRefGroup = 54929BCE2A79D362007DC034 /* Products */;
			projectDirPath = "";
			projectRoot = "";
			targets = (
				54929BCC2A79D362007DC034 /* nathivitas001 */,
				54929BDF2A79D363007DC034 /* nathivitas001Tests */,
				54929BE92A79D363007DC034 /* nathivitas001UITests */,
			);
		};
/* End PBXProject section */

/* Begin PBXResourcesBuildPhase section */
		54929BCB2A79D362007DC034 /* Resources */ = {
			isa = PBXResourcesBuildPhase;
			buildActionMask = 2147483647;
			files = (
				54929BDA2A79D363007DC034 /* Preview Assets.xcassets in Resources */,
				54929BD72A79D363007DC034 /* Assets.xcassets in Resources */,
			);
			runOnlyForDeploymentPostprocessing = 0;
		};
		54929BDE2A79D363007DC034 /* Resources */ = {
			isa = PBXResourcesBuildPhase;
			buildActionMask = 2147483647;
			files = (
			);
			runOnlyForDeploymentPostprocessing = 0;
		};
		54929BE82A79D363007DC034 /* Resources */ = {
			isa = PBXResourcesBuildPhase;
			buildActionMask = 2147483647;
			files = (
			);
			runOnlyForDeploymentPostprocessing = 0;
		};
/* End PBXResourcesBuildPhase section */

/* Begin PBXSourcesBuildPhase section */
		54929BC92A79D362007DC034 /* Sources */ = {
			isa = PBXSourcesBuildPhase;
			buildActionMask = 2147483647;
			files = (
				54929BD12A79D362007DC034 /* nathivitas001App.swift in Sources */,
				54929BD32A79D362007DC034 /* nathivitas001Document.swift in Sources */,
				54929BD52A79D362007DC034 /* ContentView.swift in Sources */,
			);
			runOnlyForDeploymentPostprocessing = 0;
		};
		54929BDC2A79D363007DC034 /* Sources */ = {
			isa = PBXSourcesBuildPhase;
			buildActionMask = 2147483647;
			files = (
				54929BE52A79D363007DC034 /* nathivitas001Tests.swift in Sources */,
			);
			runOnlyForDeploymentPostprocessing = 0;
		};
		54929BE62A79D363007DC034 /* Sources */ = {
			isa = PBXSourcesBuildPhase;
			buildActionMask = 2147483647;
			files = (
				54929BEF2A79D363007DC034 /* nathivitas001UITests.swift in Sources */,
				54929BF12A79D363007DC034 /* nathivitas001UITestsLaunchTests.swift in Sources */,
			);
			runOnlyForDeploymentPostprocessing = 0;
		};
/* End PBXSourcesBuildPhase section */

/* Begin PBXTargetDependency section */
		54929BE22A79D363007DC034 /* PBXTargetDependency */ = {
			isa = PBXTargetDependency;
			target = 54929BCC2A79D362007DC034 /* nathivitas001 */;
			targetProxy = 54929BE12A79D363007DC034 /* PBXContainerItemProxy */;
		};
		54929BEC2A79D363007DC034 /* PBXTargetDependency */ = {
			isa = PBXTargetDependency;
			target = 54929BCC2A79D362007DC034 /* nathivitas001 */;
			targetProxy = 54929BEB2A79D363007DC034 /* PBXContainerItemProxy */;
		};
/* End PBXTargetDependency section */

/* Begin XCBuildConfiguration section */
		54929BF22A79D363007DC034 /* Debug */ = {
			isa = XCBuildConfiguration;
			buildSettings = {
				ALWAYS_SEARCH_USER_PATHS = NO;
				CLANG_ANALYZER_NONNULL = YES;
				CLANG_ANALYZER_NUMBER_OBJECT_CONVERSION = YES_AGGRESSIVE;
				CLANG_CXX_LANGUAGE_STANDARD = "gnu++20";
				CLANG_ENABLE_MODULES = YES;
				CLANG_ENABLE_OBJC_ARC = YES;
				CLANG_ENABLE_OBJC_WEAK = YES;
				CLANG_WARN_BLOCK_CAPTURE_AUTORELEASING = YES;
				CLANG_WARN_BOOL_CONVERSION = YES;
				CLANG_WARN_COMMA = YES;
				CLANG_WARN_CONSTANT_CONVERSION = YES;
				CLANG_WARN_DEPRECATED_OBJC_IMPLEMENTATIONS = YES;
				CLANG_WARN_DIRECT_OBJC_ISA_USAGE = YES_ERROR;
				CLANG_WARN_DOCUMENTATION_COMMENTS = YES;
				CLANG_WARN_EMPTY_BODY = YES;
				CLANG_WARN_ENUM_CONVERSION = YES;
				CLANG_WARN_INFINITE_RECURSION = YES;
				CLANG_WARN_INT_CONVERSION = YES;
				CLANG_WARN_NON_LITERAL_NULL_CONVERSION = YES;
				CLANG_WARN_OBJC_IMPLICIT_RETAIN_SELF = YES;
				CLANG_WARN_OBJC_LITERAL_CONVERSION = YES;
				CLANG_WARN_OBJC_ROOT_CLASS = YES_ERROR;
				CLANG_WARN_QUOTED_INCLUDE_IN_FRAMEWORK_HEADER = YES;
				CLANG_WARN_RANGE_LOOP_ANALYSIS = YES;
				CLANG_WARN_STRICT_PROTOTYPES = YES;
				CLANG_WARN_SUSPICIOUS_MOVE = YES;
				CLANG_WARN_UNGUARDED_AVAILABILITY = YES_AGGRESSIVE;
				CLANG_WARN_UNREACHABLE_CODE = YES;
				CLANG_WARN__DUPLICATE_METHOD_MATCH = YES;
				COPY_PHASE_STRIP = NO;
				DEBUG_INFORMATION_FORMAT = dwarf;
				ENABLE_STRICT_OBJC_MSGSEND = YES;
				ENABLE_TESTABILITY = YES;
				GCC_C_LANGUAGE_STANDARD = gnu11;
				GCC_DYNAMIC_NO_PIC = NO;
				GCC_NO_COMMON_BLOCKS = YES;
				GCC_OPTIMIZATION_LEVEL = 0;
				GCC_PREPROCESSOR_DEFINITIONS = (
					"DEBUG=1",
					"$(inherited)",
				);
				GCC_WARN_64_TO_32_BIT_CONVERSION = YES;
				GCC_WARN_ABOUT_RETURN_TYPE = YES_ERROR;
				GCC_WARN_UNDECLARED_SELECTOR = YES;
				GCC_WARN_UNINITIALIZED_AUTOS = YES_AGGRESSIVE;
				GCC_WARN_UNUSED_FUNCTION = YES;
				GCC_WARN_UNUSED_VARIABLE = YES;
				IPHONEOS_DEPLOYMENT_TARGET = 16.4;
				MTL_ENABLE_DEBUG_INFO = INCLUDE_SOURCE;
				MTL_FAST_MATH = YES;
				ONLY_ACTIVE_ARCH = YES;
				SDKROOT = iphoneos;
				SWIFT_ACTIVE_COMPILATION_CONDITIONS = DEBUG;
				SWIFT_OPTIMIZATION_LEVEL = "-Onone";
			};
			name = Debug;
		};
		54929BF32A79D363007DC034 /* Release */ = {
			isa = XCBuildConfiguration;
			buildSettings = {
				ALWAYS_SEARCH_USER_PATHS = NO;
				CLANG_ANALYZER_NONNULL = YES;
				CLANG_ANALYZER_NUMBER_OBJECT_CONVERSION = YES_AGGRESSIVE;
				CLANG_CXX_LANGUAGE_STANDARD = "gnu++20";
				CLANG_ENABLE_MODULES = YES;
				CLANG_ENABLE_OBJC_ARC = YES;
				CLANG_ENABLE_OBJC_WEAK = YES;
				CLANG_WARN_BLOCK_CAPTURE_AUTORELEASING = YES;
				CLANG_WARN_BOOL_CONVERSION = YES;
				CLANG_WARN_COMMA = YES;
				CLANG_WARN_CONSTANT_CONVERSION = YES;
				CLANG_WARN_DEPRECATED_OBJC_IMPLEMENTATIONS = YES;
				CLANG_WARN_DIRECT_OBJC_ISA_USAGE = YES_ERROR;
				CLANG_WARN_DOCUMENTATION_COMMENTS = YES;
				CLANG_WARN_EMPTY_BODY = YES;
				CLANG_WARN_ENUM_CONVERSION = YES;
				CLANG_WARN_INFINITE_RECURSION = YES;
				CLANG_WARN_INT_CONVERSION = YES;
				CLANG_WARN_NON_LITERAL_NULL_CONVERSION = YES;
				CLANG_WARN_OBJC_IMPLICIT_RETAIN_SELF = YES;
				CLANG_WARN_OBJC_LITERAL_CONVERSION = YES;
				CLANG_WARN_OBJC_ROOT_CLASS = YES_ERROR;
				CLANG_WARN_QUOTED_INCLUDE_IN_FRAMEWORK_HEADER = YES;
				CLANG_WARN_RANGE_LOOP_ANALYSIS = YES;
				CLANG_WARN_STRICT_PROTOTYPES = YES;
				CLANG_WARN_SUSPICIOUS_MOVE = YES;
				CLANG_WARN_UNGUARDED_AVAILABILITY = YES_AGGRESSIVE;
				CLANG_WARN_UNREACHABLE_CODE = YES;
				CLANG_WARN__DUPLICATE_METHOD_MATCH = YES;
				COPY_PHASE_STRIP = NO;
				DEBUG_INFORMATION_FORMAT = "dwarf-with-dsym";
				ENABLE_NS_ASSERTIONS = NO;
				ENABLE_STRICT_OBJC_MSGSEND = YES;
				GCC_C_LANGUAGE_STANDARD = gnu11;
				GCC_NO_COMMON_BLOCKS = YES;
				GCC_WARN_64_TO_32_BIT_CONVERSION = YES;
				GCC_WARN_ABOUT_RETURN_TYPE = YES_ERROR;
				GCC_WARN_UNDECLARED_SELECTOR = YES;
				GCC_WARN_UNINITIALIZED_AUTOS = YES_AGGRESSIVE;
				GCC_WARN_UNUSED_FUNCTION = YES;
				GCC_WARN_UNUSED_VARIABLE = YES;
				IPHONEOS_DEPLOYMENT_TARGET = 16.4;
				MTL_ENABLE_DEBUG_INFO = NO;
				MTL_FAST_MATH = YES;
				SDKROOT = iphoneos;
				SWIFT_COMPILATION_MODE = wholemodule;
				SWIFT_OPTIMIZATION_LEVEL = "-O";
				VALIDATE_PRODUCT = YES;
			};
			name = Release;
		};
		54929BF52A79D363007DC034 /* Debug */ = {
			isa = XCBuildConfiguration;
			buildSettings = {
				ASSETCATALOG_COMPILER_APPICON_NAME = AppIcon;
				ASSETCATALOG_COMPILER_GLOBAL_ACCENT_COLOR_NAME = AccentColor;
				CODE_SIGN_STYLE = Automatic;
				CURRENT_PROJECT_VERSION = 1;
				DEVELOPMENT_ASSET_PATHS = "\"nathivitas001/Preview Content\"";
				DEVELOPMENT_TEAM = 8JP768527J;
				ENABLE_PREVIEWS = YES;
				GENERATE_INFOPLIST_FILE = YES;
				INFOPLIST_FILE = nathivitas001/Info.plist;
				INFOPLIST_KEY_UIApplicationSceneManifest_Generation = YES;
				INFOPLIST_KEY_UIApplicationSupportsIndirectInputEvents = YES;
				INFOPLIST_KEY_UILaunchScreen_Generation = YES;
				INFOPLIST_KEY_UISupportedInterfaceOrientations_iPad = "UIInterfaceOrientationPortrait UIInterfaceOrientationPortraitUpsideDown UIInterfaceOrientationLandscapeLeft UIInterfaceOrientationLandscapeRight";
				INFOPLIST_KEY_UISupportedInterfaceOrientations_iPhone = "UIInterfaceOrientationPortrait UIInterfaceOrientationLandscapeLeft UIInterfaceOrientationLandscapeRight";
				INFOPLIST_KEY_UISupportsDocumentBrowser = YES;
				LD_RUNPATH_SEARCH_PATHS = (
					"$(inherited)",
					"@executable_path/Frameworks",
				);
				MARKETING_VERSION = 1.0;
				PRODUCT_BUNDLE_IDENTIFIER = nathivitas.nathivitas001;
				PRODUCT_NAME = "$(TARGET_NAME)";
				SWIFT_EMIT_LOC_STRINGS = YES;
				SWIFT_VERSION = 5.0;
				TARGETED_DEVICE_FAMILY = "1,2";
			};
			name = Debug;
		};
		54929BF62A79D363007DC034 /* Release */ = {
			isa = XCBuildConfiguration;
			buildSettings = {
				ASSETCATALOG_COMPILER_APPICON_NAME = AppIcon;
				ASSETCATALOG_COMPILER_GLOBAL_ACCENT_COLOR_NAME = AccentColor;
				CODE_SIGN_STYLE = Automatic;
				CURRENT_PROJECT_VERSION = 1;
				DEVELOPMENT_ASSET_PATHS = "\"nathivitas001/Preview Content\"";
				DEVELOPMENT_TEAM = 8JP768527J;
				ENABLE_PREVIEWS = YES;
				GENERATE_INFOPLIST_FILE = YES;
				INFOPLIST_FILE = nathivitas001/Info.plist;
				INFOPLIST_KEY_UIApplicationSceneManifest_Generation = YES;
				INFOPLIST_KEY_UIApplicationSupportsIndirectInputEvents = YES;
				INFOPLIST_KEY_UILaunchScreen_Generation = YES;
				INFOPLIST_KEY_UISupportedInterfaceOrientations_iPad = "UIInterfaceOrientationPortrait UIInterfaceOrientationPortraitUpsideDown UIInterfaceOrientationLandscapeLeft UIInterfaceOrientationLandscapeRight";
				INFOPLIST_KEY_UISupportedInterfaceOrientations_iPhone = "UIInterfaceOrientationPortrait UIInterfaceOrientationLandscapeLeft UIInterfaceOrientationLandscapeRight";
				INFOPLIST_KEY_UISupportsDocumentBrowser = YES;
				LD_RUNPATH_SEARCH_PATHS = (
					"$(inherited)",
					"@executable_path/Frameworks",
				);
				MARKETING_VERSION = 1.0;
				PRODUCT_BUNDLE_IDENTIFIER = nathivitas.nathivitas001;
				PRODUCT_NAME = "$(TARGET_NAME)";
				SWIFT_EMIT_LOC_STRINGS = YES;
				SWIFT_VERSION = 5.0;
				TARGETED_DEVICE_FAMILY = "1,2";
			};
			name = Release;
		};
		54929BF82A79D363007DC034 /* Debug */ = {
			isa = XCBuildConfiguration;
			buildSettings = {
				ALWAYS_EMBED_SWIFT_STANDARD_LIBRARIES = YES;
				BUNDLE_LOADER = "$(TEST_HOST)";
				CODE_SIGN_STYLE = Automatic;
				CURRENT_PROJECT_VERSION = 1;
				DEVELOPMENT_TEAM = 8JP768527J;
				GENERATE_INFOPLIST_FILE = YES;
				IPHONEOS_DEPLOYMENT_TARGET = 16.4;
				MARKETING_VERSION = 1.0;
				PRODUCT_BUNDLE_IDENTIFIER = nathivitas.nathivitas001Tests;
				PRODUCT_NAME = "$(TARGET_NAME)";
				SWIFT_EMIT_LOC_STRINGS = NO;
				SWIFT_VERSION = 5.0;
				TARGETED_DEVICE_FAMILY = "1,2";
				TEST_HOST = "$(BUILT_PRODUCTS_DIR)/nathivitas001.app/$(BUNDLE_EXECUTABLE_FOLDER_PATH)/nathivitas001";
			};
			name = Debug;
		};
		54929BF92A79D363007DC034 /* Release */ = {
			isa = XCBuildConfiguration;
			buildSettings = {
				ALWAYS_EMBED_SWIFT_STANDARD_LIBRARIES = YES;
				BUNDLE_LOADER = "$(TEST_HOST)";
				CODE_SIGN_STYLE = Automatic;
				CURRENT_PROJECT_VERSION = 1;
				DEVELOPMENT_TEAM = 8JP768527J;
				GENERATE_INFOPLIST_FILE = YES;
				IPHONEOS_DEPLOYMENT_TARGET = 16.4;
				MARKETING_VERSION = 1.0;
				PRODUCT_BUNDLE_IDENTIFIER = nathivitas.nathivitas001Tests;
				PRODUCT_NAME = "$(TARGET_NAME)";
				SWIFT_EMIT_LOC_STRINGS = NO;
				SWIFT_VERSION = 5.0;
				TARGETED_DEVICE_FAMILY = "1,2";
				TEST_HOST = "$(BUILT_PRODUCTS_DIR)/nathivitas001.app/$(BUNDLE_EXECUTABLE_FOLDER_PATH)/nathivitas001";
			};
			name = Release;
		};
		54929BFB2A79D363007DC034 /* Debug */ = {
			isa = XCBuildConfiguration;
			buildSettings = {
				ALWAYS_EMBED_SWIFT_STANDARD_LIBRARIES = YES;
				CODE_SIGN_STYLE = Automatic;
				CURRENT_PROJECT_VERSION = 1;
				DEVELOPMENT_TEAM = 8JP768527J;
				GENERATE_INFOPLIST_FILE = YES;
				MARKETING_VERSION = 1.0;
				PRODUCT_BUNDLE_IDENTIFIER = nathivitas.nathivitas001UITests;
				PRODUCT_NAME = "$(TARGET_NAME)";
				SWIFT_EMIT_LOC_STRINGS = NO;
				SWIFT_VERSION = 5.0;
				TARGETED_DEVICE_FAMILY = "1,2";
				TEST_TARGET_NAME = nathivitas001;
			};
			name = Debug;
		};
		54929BFC2A79D363007DC034 /* Release */ = {
			isa = XCBuildConfiguration;
			buildSettings = {
				ALWAYS_EMBED_SWIFT_STANDARD_LIBRARIES = YES;
				CODE_SIGN_STYLE = Automatic;
				CURRENT_PROJECT_VERSION = 1;
				DEVELOPMENT_TEAM = 8JP768527J;
				GENERATE_INFOPLIST_FILE = YES;
				MARKETING_VERSION = 1.0;
				PRODUCT_BUNDLE_IDENTIFIER = nathivitas.nathivitas001UITests;
				PRODUCT_NAME = "$(TARGET_NAME)";
				SWIFT_EMIT_LOC_STRINGS = NO;
				SWIFT_VERSION = 5.0;
				TARGETED_DEVICE_FAMILY = "1,2";
				TEST_TARGET_NAME = nathivitas001;
			};
			name = Release;
		};
/* End XCBuildConfiguration section */

/* Begin XCConfigurationList section */
		54929BC82A79D362007DC034 /* Build configuration list for PBXProject "nathivitas001" */ = {
			isa = XCConfigurationList;
			buildConfigurations = (
				54929BF22A79D363007DC034 /* Debug */,
				54929BF32A79D363007DC034 /* Release */,
			);
			defaultConfigurationIsVisible = 0;
			defaultConfigurationName = Release;
		};
		54929BF42A79D363007DC034 /* Build configuration list for PBXNativeTarget "nathivitas001" */ = {
			isa = XCConfigurationList;
			buildConfigurations = (
				54929BF52A79D363007DC034 /* Debug */,
				54929BF62A79D363007DC034 /* Release */,
			);
			defaultConfigurationIsVisible = 0;
			defaultConfigurationName = Release;
		};
		54929BF72A79D363007DC034 /* Build configuration list for PBXNativeTarget "nathivitas001Tests" */ = {
			isa = XCConfigurationList;
			buildConfigurations = (
				54929BF82A79D363007DC034 /* Debug */,
				54929BF92A79D363007DC034 /* Release */,
			);
			defaultConfigurationIsVisible = 0;
			defaultConfigurationName = Release;
		};
		54929BFA2A79D363007DC034 /* Build configuration list for PBXNativeTarget "nathivitas001UITests" */ = {
			isa = XCConfigurationList;
			buildConfigurations = (
				54929BFB2A79D363007DC034 /* Debug */,
				54929BFC2A79D363007DC034 /* Release */,
			);
			defaultConfigurationIsVisible = 0;
			defaultConfigurationName = Release;
		};
/* End XCConfigurationList section */
	};
	rootObject = 54929BC52A79D362007DC034 /* Project object */;
}
